# This file is generated by running "yarn install" inside your project.
# Manual changes might be lost - proceed with caution!

__metadata:
  version: 6
  cacheKey: 8

"@envelop/core@npm:^2.0.0":
  version: 2.3.2
  resolution: "@envelop/core@npm:2.3.2"
  dependencies:
    "@envelop/types": 2.2.0
  peerDependencies:
    graphql: ^14.0.0 || ^15.0.0 || ^16.0.0
  checksum: 51bed0f6bc7a93905e9d9718d6e849cbd9e1a8a3f12316a46a07a657aeee4bd8c94cef50ca17c37c67f40a52857003c4bc4e61acbfdc467ea869ae030bb021ca
  languageName: node
  linkType: hard

"@envelop/parser-cache@npm:^4.0.0":
  version: 4.3.2
  resolution: "@envelop/parser-cache@npm:4.3.2"
  dependencies:
    tiny-lru: 7.0.6
  peerDependencies:
    "@envelop/core": ^2.3.2
    graphql: ^14.0.0 || ^15.0.0 || ^16.0.0
  checksum: 069e6f3c2b1d1bda58f65c241342e19cd785a57362602e26ca2a8e1968d04e13075d09c86f4bf38b8a6835d9bf0ff116e83a0ec75671fc4821cdf21765cbbb2f
  languageName: node
  linkType: hard

"@envelop/types@npm:2.2.0":
  version: 2.2.0
  resolution: "@envelop/types@npm:2.2.0"
  peerDependencies:
    graphql: ^14.0.0 || ^15.0.0 || ^16.0.0
  checksum: 52f9d1635f310be46a6e1ee28cbde398b8a1dba7a2f11f89175103c8871f67f51a44e72abf6d7766862aa73538d33e7c71ab54868c129f4a2d054d1096aeb3fc
  languageName: node
  linkType: hard

"@envelop/validation-cache@npm:^4.0.0":
  version: 4.3.2
  resolution: "@envelop/validation-cache@npm:4.3.2"
  dependencies:
    tiny-lru: 7.0.6
  peerDependencies:
    "@envelop/core": ^2.3.2
    graphql: ^14.0.0 || ^15.0.0 || ^16.0.0
  checksum: 43cb870e284798d1e747afbbf6351c1cecc6eb6d832c2219d18ea66f2af784e0b303766b7a637bb9717e02c759279b28ecf3efface16d3f4574cb5fc7dee0020
  languageName: node
  linkType: hard

"@graphql-tools/merge@npm:8.2.13":
  version: 8.2.13
  resolution: "@graphql-tools/merge@npm:8.2.13"
  dependencies:
    "@graphql-tools/utils": 8.6.12
    tslib: ~2.4.0
  peerDependencies:
    graphql: ^14.0.0 || ^15.0.0 || ^16.0.0 || ^17.0.0
  checksum: 00afcf2e9b278c7a571cc19e656ae20ad68720a5995b6546672ecd19ae3c84bf8bb6d08f21403a56540d82a402223e029009b72105de7c586eb936fc35b5fd54
  languageName: node
  linkType: hard

"@graphql-tools/schema@npm:^8.3.1":
  version: 8.3.13
  resolution: "@graphql-tools/schema@npm:8.3.13"
  dependencies:
    "@graphql-tools/merge": 8.2.13
    "@graphql-tools/utils": 8.6.12
    tslib: ~2.4.0
    value-or-promise: 1.0.11
  peerDependencies:
    graphql: ^14.0.0 || ^15.0.0 || ^16.0.0 || ^17.0.0
  checksum: 13d3da3b08f9c94ce99243950e89e73169c399b93dc0d85f03fd1e36d274f41031525b6ffae479ccfe121e9d376923c3602d8d10799e79ca192002484c6a8cee
  languageName: node
  linkType: hard

"@graphql-tools/utils@npm:8.6.12, @graphql-tools/utils@npm:^8.6.0":
  version: 8.6.12
  resolution: "@graphql-tools/utils@npm:8.6.12"
  dependencies:
    tslib: ~2.4.0
  peerDependencies:
    graphql: ^14.0.0 || ^15.0.0 || ^16.0.0 || ^17.0.0
  checksum: 01a560870c7661e353cf0c7a61f2e515d4aa2def415ba8274ec37874e5fc7c21c84a663c0c3d37505975ca06391819b591cf423ddda5449579860d9f70e0d6ce
  languageName: node
  linkType: hard

"@graphql-typed-document-node/core@npm:^3.1.1":
  version: 3.1.1
  resolution: "@graphql-typed-document-node/core@npm:3.1.1"
  peerDependencies:
    graphql: ^0.8.0 || ^0.9.0 || ^0.10.0 || ^0.11.0 || ^0.12.0 || ^0.13.0 || ^14.0.0 || ^15.0.0 || ^16.0.0
  checksum: 87ff4cee308f1075f4472b80f9f9409667979940f8f701e87f0aa35ce5cf104d94b41258ea8192d05a0893475cd0f086a3929a07663b4fe8d0e805a277f07ed5
  languageName: node
  linkType: hard

"@graphql-yoga/common@npm:2.9.0-canary-fe62207.0":
  version: 2.9.0-canary-fe62207.0
  resolution: "@graphql-yoga/common@npm:2.9.0-canary-fe62207.0"
  dependencies:
    "@envelop/core": ^2.0.0
    "@envelop/parser-cache": ^4.0.0
    "@envelop/validation-cache": ^4.0.0
    "@graphql-tools/schema": ^8.3.1
    "@graphql-tools/utils": ^8.6.0
    "@graphql-typed-document-node/core": ^3.1.1
    "@graphql-yoga/subscription": 2.1.0-canary-fe62207.0
    cross-undici-fetch: ^0.4.2
    dset: ^3.1.1
    tslib: ^2.3.1
  peerDependencies:
    graphql: ^15.2.0 || ^16.0.0
  checksum: 3de781d8e459dd38284ee9645b596b28f7f0bda33b8a3cf0c6731b1e3e3dfb11d770072c7a1befce5b01ebf314460e4f008ff5afd4b917cf24bcf0dd27db6765
  languageName: node
  linkType: hard

"@graphql-yoga/subscription@npm:2.1.0-canary-fe62207.0":
  version: 2.1.0-canary-fe62207.0
  resolution: "@graphql-yoga/subscription@npm:2.1.0-canary-fe62207.0"
  dependencies:
    "@repeaterjs/repeater": ^3.0.4
    tslib: ^2.3.1
  checksum: 8dc86424e965c9da3dcea54d569814517f695269c37117c15dbc57e66d22dacdd216b834fcf31a09ba37fe3dbcdaa6afc5bf2ba52d972e08ff970169e00767c3
  languageName: node
  linkType: hard

"@repeaterjs/repeater@npm:^3.0.4":
  version: 3.0.4
  resolution: "@repeaterjs/repeater@npm:3.0.4"
  checksum: cca0db3e802bc26fcce0b4a574074d9956da53bf43094de03c0e4732d05e13441279a92f0b96e2a7a39da50933684947a138c1213406eaafe39cfd4683d6c0df
  languageName: node
  linkType: hard

"abort-controller@npm:^3.0.0":
  version: 3.0.0
  resolution: "abort-controller@npm:3.0.0"
  dependencies:
    event-target-shim: ^5.0.0
  checksum: 170bdba9b47b7e65906a28c8ce4f38a7a369d78e2271706f020849c1bfe0ee2067d4261df8bbb66eb84f79208fd5b710df759d64191db58cfba7ce8ef9c54b75
  languageName: node
  linkType: hard

"busboy@npm:^1.6.0":
  version: 1.6.0
  resolution: "busboy@npm:1.6.0"
  dependencies:
    streamsearch: ^1.1.0
  checksum: 32801e2c0164e12106bf236291a00795c3c4e4b709ae02132883fe8478ba2ae23743b11c5735a0aae8afe65ac4b6ca4568b91f0d9fed1fdbc32ede824a73746e
  languageName: node
  linkType: hard

"cross-undici-fetch@npm:^0.4.2":
  version: 0.4.3
  resolution: "cross-undici-fetch@npm:0.4.3"
  dependencies:
    abort-controller: ^3.0.0
    busboy: ^1.6.0
    form-data-encoder: ^1.7.1
    formdata-node: ^4.3.1
    node-fetch: ^2.6.7
    undici: ^5.1.0
    web-streams-polyfill: ^3.2.0
  checksum: 10cdc06566517a8446eaa4d0c7f90a67f689040e2910a7daf4eeb1b2cc6df2ecc65752fdbfe1e3f6c89ac300062156688b508c2f482ca4ab59e1e5667264a082
  languageName: node
  linkType: hard

"dset@npm:^3.1.1":
  version: 3.1.2
  resolution: "dset@npm:3.1.2"
  checksum: 4f8066f517aa0a70af688c66e9a0a5590f0aada76f6edc7ba9ddb309e27d3a6d65c0a2e31ab2a84005d4c791e5327773cdde59b8ab169050330a0dc283663e87
  languageName: node
  linkType: hard

"event-target-shim@npm:^5.0.0":
  version: 5.0.1
  resolution: "event-target-shim@npm:5.0.1"
  checksum: 1ffe3bb22a6d51bdeb6bf6f7cf97d2ff4a74b017ad12284cc9e6a279e727dc30a5de6bb613e5596ff4dc3e517841339ad09a7eec44266eccb1aa201a30448166
  languageName: node
  linkType: hard

"form-data-encoder@npm:^1.7.1":
  version: 1.7.2
  resolution: "form-data-encoder@npm:1.7.2"
  checksum: aeebd87a1cb009e13cbb5e4e4008e6202ed5f6551eb6d9582ba8a062005178907b90f4887899d3c993de879159b6c0c940af8196725b428b4248cec5af3acf5f
  languageName: node
  linkType: hard

"formdata-node@npm:^4.3.1":
  version: 4.3.2
  resolution: "formdata-node@npm:4.3.2"
  dependencies:
    node-domexception: 1.0.0
    web-streams-polyfill: 4.0.0-beta.1
  checksum: e1d7aae7d579775b813ddc8ea4511fee613552715e81b36afb188d3a65b3d4df2ef69017106079ba52d9ab1e3367fea0206862d8ae64c02008ababdb341d2c3d
  languageName: node
  linkType: hard

"graphql@npm:^16.5.0":
  version: 16.5.0
  resolution: "graphql@npm:16.5.0"
  checksum: a82a926d085818934d04fdf303a269af170e79de943678bd2726370a96194f9454ade9d6d76c2de69afbd7b9f0b4f8061619baecbbddbe82125860e675ac219e
  languageName: node
  linkType: hard

"node-domexception@npm:1.0.0":
  version: 1.0.0
  resolution: "node-domexception@npm:1.0.0"
  checksum: ee1d37dd2a4eb26a8a92cd6b64dfc29caec72bff5e1ed9aba80c294f57a31ba4895a60fd48347cf17dd6e766da0ae87d75657dfd1f384ebfa60462c2283f5c7f
  languageName: node
  linkType: hard

"node-fetch@npm:^2.6.7":
  version: 2.6.7
  resolution: "node-fetch@npm:2.6.7"
  dependencies:
    whatwg-url: ^5.0.0
  peerDependencies:
    encoding: ^0.1.0
  peerDependenciesMeta:
    encoding:
      optional: true
  checksum: 8d816ffd1ee22cab8301c7756ef04f3437f18dace86a1dae22cf81db8ef29c0bf6655f3215cb0cdb22b420b6fe141e64b26905e7f33f9377a7fa59135ea3e10b
  languageName: node
  linkType: hard

"streamsearch@npm:^1.1.0":
  version: 1.1.0
  resolution: "streamsearch@npm:1.1.0"
  checksum: 1cce16cea8405d7a233d32ca5e00a00169cc0e19fbc02aa839959985f267335d435c07f96e5e0edd0eadc6d39c98d5435fb5bbbdefc62c41834eadc5622ad942
  languageName: node
  linkType: hard

"tiny-lru@npm:7.0.6":
  version: 7.0.6
  resolution: "tiny-lru@npm:7.0.6"
  checksum: 36a786a9111a3a358a698c9404783ad3f5396f6ed891672ffa4cd7dec4617abb8dfed6af7611bbaf8a3942a9475534c8b80f9bd58d7efa9aa594f395c9805f09
  languageName: node
  linkType: hard

"tr46@npm:~0.0.3":
  version: 0.0.3
  resolution: "tr46@npm:0.0.3"
  checksum: 726321c5eaf41b5002e17ffbd1fb7245999a073e8979085dacd47c4b4e8068ff5777142fc6726d6ca1fd2ff16921b48788b87225cbc57c72636f6efa8efbffe3
  languageName: node
  linkType: hard

"tslib@npm:^2.3.1, tslib@npm:~2.4.0":
  version: 2.4.0
  resolution: "tslib@npm:2.4.0"
  checksum: 8c4aa6a3c5a754bf76aefc38026134180c053b7bd2f81338cb5e5ebf96fefa0f417bff221592bf801077f5bf990562f6264fecbc42cd3309b33872cb6fc3b113
  languageName: node
  linkType: hard

"typescript@npm:^4.7.2":
  version: 4.7.2
  resolution: "typescript@npm:4.7.2"
  bin:
    tsc: bin/tsc
    tsserver: bin/tsserver
  checksum: 5163585e6b56410f77d5483b698d9489bbee8902c99029eb70cf6d21525a186530ce19a00951af84eefd4a131cc51d0959f5118e25e70ab61f45ac4057dbd1ef
  languageName: node
  linkType: hard

"typescript@patch:typescript@^4.7.2#~builtin<compat/typescript>":
  version: 4.7.2
  resolution: "typescript@patch:typescript@npm%3A4.7.2#~builtin<compat/typescript>::version=4.7.2&hash=7ad353"
  bin:
    tsc: bin/tsc
    tsserver: bin/tsserver
  checksum: 7e2b9a9f4a70fb7616f1b0d986977f8e34a74f046202fa7f24fdee79589598277810fa216b3776c20c0683a9235872c73be34fdb93f67f98c1efaca40999422f
  languageName: node
  linkType: hard

"undici@npm:^5.1.0":
  version: 5.3.0
  resolution: "undici@npm:5.3.0"
  checksum: b81ec73f0dbab3b6804a5fe221ed29e564934723a5c8babdd23dfefc250efc46a49447c8bc7af5cef6c270d2d1613c64bfe12c4113ca5672f613d8bd7057e5ea
  languageName: node
  linkType: hard

"value-or-promise@npm:1.0.11":
  version: 1.0.11
  resolution: "value-or-promise@npm:1.0.11"
  checksum: 13f8f2ef620118c73b4d1beee8ce6045d7182bbf15090ecfbcafb677ec43698506a5e9ace6bea5ea35c32bc612c9b1f824bb59b6581cdfb5c919052745c277d5
  languageName: node
  linkType: hard

"web-streams-polyfill@npm:4.0.0-beta.1":
  version: 4.0.0-beta.1
  resolution: "web-streams-polyfill@npm:4.0.0-beta.1"
  checksum: 94c21d3aba1c26e5942bb210ffd60c6990cbc750d34bdf548ed93ed845f0a6eac89cdae1dd0195afaba15fbcf4aaca9e397ee40fa4d1f2c191d04d43717bd065
  languageName: node
  linkType: hard

"web-streams-polyfill@npm:^3.2.0":
  version: 3.2.1
  resolution: "web-streams-polyfill@npm:3.2.1"
  checksum: b119c78574b6d65935e35098c2afdcd752b84268e18746606af149e3c424e15621b6f1ff0b42b2676dc012fc4f0d313f964b41a4b5031e525faa03997457da02
  languageName: node
  linkType: hard

"webidl-conversions@npm:^3.0.0":
  version: 3.0.1
  resolution: "webidl-conversions@npm:3.0.1"
  checksum: c92a0a6ab95314bde9c32e1d0a6dfac83b578f8fa5f21e675bc2706ed6981bc26b7eb7e6a1fab158e5ce4adf9caa4a0aee49a52505d4d13c7be545f15021b17c
  languageName: node
  linkType: hard

"whatwg-url@npm:^5.0.0":
  version: 5.0.0
  resolution: "whatwg-url@npm:5.0.0"
  dependencies:
    tr46: ~0.0.3
    webidl-conversions: ^3.0.0
  checksum: b8daed4ad3356cc4899048a15b2c143a9aed0dfae1f611ebd55073310c7b910f522ad75d727346ad64203d7e6c79ef25eafd465f4d12775ca44b90fa82ed9e2c
  languageName: node
  linkType: hard

"yoga-node16@workspace:.":
  version: 0.0.0-use.local
  resolution: "yoga-node16@workspace:."
  dependencies:
    "@graphql-yoga/common": 2.9.0-canary-fe62207.0
    graphql: ^16.5.0
    typescript: ^4.7.2
  languageName: unknown
  linkType: soft
